// !$*UTF8*$!
{
	archiveVersion = 1;
	classes = {
	};
	objectVersion = 77;
	objects = {

/* Begin PBXContainerItemProxy section */
		4880973F2D0F2B8E0021163C /* PBXContainerItemProxy */ = {
			isa = PBXContainerItemProxy;
			containerPortal = 488097262D0F2B8D0021163C /* Project object */;
			proxyType = 1;
			remoteGlobalIDString = 4880972D2D0F2B8D0021163C;
			remoteInfo = Habitly;
		};
		488097492D0F2B8E0021163C /* PBXContainerItemProxy */ = {
			isa = PBXContainerItemProxy;
			containerPortal = 488097262D0F2B8D0021163C /* Project object */;
			proxyType = 1;
			remoteGlobalIDString = 4880972D2D0F2B8D0021163C;
			remoteInfo = Habitly;
		};
/* End PBXContainerItemProxy section */

/* Begin PBXFileReference section */
		4880972E2D0F2B8D0021163C /* Habitly.app */ = {isa = PBXFileReference; explicitFileType = wrapper.application; includeInIndex = 0; path = Habitly.app; sourceTree = BUILT_PRODUCTS_DIR; };
		4880973E2D0F2B8E0021163C /* HabitlyTests.xctest */ = {isa = PBXFileReference; explicitFileType = wrapper.cfbundle; includeInIndex = 0; path = HabitlyTests.xctest; sourceTree = BUILT_PRODUCTS_DIR; };
		488097482D0F2B8E0021163C /* HabitlyUITests.xctest */ = {isa = PBXFileReference; explicitFileType = wrapper.cfbundle; includeInIndex = 0; path = HabitlyUITests.xctest; sourceTree = BUILT_PRODUCTS_DIR; };
/* End PBXFileReference section */

/* Begin PBXFileSystemSynchronizedBuildFileExceptionSet section */
		48F762832D154CE800C79E83 /* Exceptions for "Habitly" folder in "Habitly" target */ = {
			isa = PBXFileSystemSynchronizedBuildFileExceptionSet;
			membershipExceptions = (
				Info.plist,
			);
			target = 4880972D2D0F2B8D0021163C /* Habitly */;
		};
/* End PBXFileSystemSynchronizedBuildFileExceptionSet section */

/* Begin PBXFileSystemSynchronizedRootGroup section */
		488097302D0F2B8D0021163C /* Habitly */ = {
			isa = PBXFileSystemSynchronizedRootGroup;
			exceptions = (
				48F762832D154CE800C79E83 /* Exceptions for "Habitly" folder in "Habitly" target */,
			);
			path = Habitly;
			sourceTree = "<group>";
		};
		488097412D0F2B8E0021163C /* HabitlyTests */ = {
			isa = PBXFileSystemSynchronizedRootGroup;
			path = HabitlyTests;
			sourceTree = "<group>";
		};
		4880974B2D0F2B8E0021163C /* HabitlyUITests */ = {
			isa = PBXFileSystemSynchronizedRootGroup;
			path = HabitlyUITests;
			sourceTree = "<group>";
		};
/* End PBXFileSystemSynchronizedRootGroup section */

/* Begin PBXFrameworksBuildPhase section */
		4880972B2D0F2B8D0021163C /* Frameworks */ = {
			isa = PBXFrameworksBuildPhase;
			buildActionMask = 2147483647;
			files = (
			);
			runOnlyForDeploymentPostprocessing = 0;
		};
		4880973B2D0F2B8E0021163C /* Frameworks */ = {
			isa = PBXFrameworksBuildPhase;
			buildActionMask = 2147483647;
			files = (
			);
			runOnlyForDeploymentPostprocessing = 0;
		};
		488097452D0F2B8E0021163C /* Frameworks */ = {
			isa = PBXFrameworksBuildPhase;
			buildActionMask = 2147483647;
			files = (
			);
			runOnlyForDeploymentPostprocessing = 0;
		};
/* End PBXFrameworksBuildPhase section */

/* Begin PBXGroup section */
		488097252D0F2B8D0021163C = {
			isa = PBXGroup;
			children = (
				488097302D0F2B8D0021163C /* Habitly */,
				488097412D0F2B8E0021163C /* HabitlyTests */,
				4880974B2D0F2B8E0021163C /* HabitlyUITests */,
				4880972F2D0F2B8D0021163C /* Products */,
			);
			sourceTree = "<group>";
		};
		4880972F2D0F2B8D0021163C /* Products */ = {
			isa = PBXGroup;
			children = (
				4880972E2D0F2B8D0021163C /* Habitly.app */,
				4880973E2D0F2B8E0021163C /* HabitlyTests.xctest */,
				488097482D0F2B8E0021163C /* HabitlyUITests.xctest */,
			);
			name = Products;
			sourceTree = "<group>";
		};
/* End PBXGroup section */

/* Begin PBXNativeTarget section */
		4880972D2D0F2B8D0021163C /* Habitly */ = {
			isa = PBXNativeTarget;
			buildConfigurationList = 488097522D0F2B8F0021163C /* Build configuration list for PBXNativeTarget "Habitly" */;
			buildPhases = (
				4880972A2D0F2B8D0021163C /* Sources */,
				4880972B2D0F2B8D0021163C /* Frameworks */,
				4880972C2D0F2B8D0021163C /* Resources */,
			);
			buildRules = (
			);
			dependencies = (
			);
			fileSystemSynchronizedGroups = (
				488097302D0F2B8D0021163C /* Habitly */,
			);
			name = Habitly;
			packageProductDependencies = (
			);
			productName = Habitly;
			productReference = 4880972E2D0F2B8D0021163C /* Habitly.app */;
			productType = "com.apple.product-type.application";
		};
		4880973D2D0F2B8E0021163C /* HabitlyTests */ = {
			isa = PBXNativeTarget;
			buildConfigurationList = 488097552D0F2B8F0021163C /* Build configuration list for PBXNativeTarget "HabitlyTests" */;
			buildPhases = (
				4880973A2D0F2B8E0021163C /* Sources */,
				4880973B2D0F2B8E0021163C /* Frameworks */,
				4880973C2D0F2B8E0021163C /* Resources */,
			);
			buildRules = (
			);
			dependencies = (
				488097402D0F2B8E0021163C /* PBXTargetDependency */,
			);
			fileSystemSynchronizedGroups = (
				488097412D0F2B8E0021163C /* HabitlyTests */,
			);
			name = HabitlyTests;
			packageProductDependencies = (
			);
			productName = HabitlyTests;
			productReference = 4880973E2D0F2B8E0021163C /* HabitlyTests.xctest */;
			productType = "com.apple.product-type.bundle.unit-test";
		};
		488097472D0F2B8E0021163C /* HabitlyUITests */ = {
			isa = PBXNativeTarget;
			buildConfigurationList = 488097582D0F2B8F0021163C /* Build configuration list for PBXNativeTarget "HabitlyUITests" */;
			buildPhases = (
				488097442D0F2B8E0021163C /* Sources */,
				488097452D0F2B8E0021163C /* Frameworks */,
				488097462D0F2B8E0021163C /* Resources */,
			);
			buildRules = (
			);
			dependencies = (
				4880974A2D0F2B8E0021163C /* PBXTargetDependency */,
			);
			fileSystemSynchronizedGroups = (
				4880974B2D0F2B8E0021163C /* HabitlyUITests */,
			);
			name = HabitlyUITests;
			packageProductDependencies = (
			);
			productName = HabitlyUITests;
			productReference = 488097482D0F2B8E0021163C /* HabitlyUITests.xctest */;
			productType = "com.apple.product-type.bundle.ui-testing";
		};
/* End PBXNativeTarget section */

/* Begin PBXProject section */
		488097262D0F2B8D0021163C /* Project object */ = {
			isa = PBXProject;
			attributes = {
				BuildIndependentTargetsInParallel = 1;
				LastSwiftUpdateCheck = 1600;
				LastUpgradeCheck = 1600;
				TargetAttributes = {
					4880972D2D0F2B8D0021163C = {
						CreatedOnToolsVersion = 16.0;
					};
					4880973D2D0F2B8E0021163C = {
						CreatedOnToolsVersion = 16.0;
						TestTargetID = 4880972D2D0F2B8D0021163C;
					};
					488097472D0F2B8E0021163C = {
						CreatedOnToolsVersion = 16.0;
						TestTargetID = 4880972D2D0F2B8D0021163C;
					};
				};
			};
			buildConfigurationList = 488097292D0F2B8D0021163C /* Build configuration list for PBXProject "Habitly" */;
			developmentRegion = en;
			hasScannedForEncodings = 0;
			knownRegions = (
				en,
				Base,
			);
			mainGroup = 488097252D0F2B8D0021163C;
			minimizedProjectReferenceProxies = 1;
			preferredProjectObjectVersion = 77;
			productRefGroup = 4880972F2D0F2B8D0021163C /* Products */;
			projectDirPath = "";
			projectRoot = "";
			targets = (
				4880972D2D0F2B8D0021163C /* Habitly */,
				4880973D2D0F2B8E0021163C /* HabitlyTests */,
				488097472D0F2B8E0021163C /* HabitlyUITests */,
			);
		};
/* End PBXProject section */

/* Begin PBXResourcesBuildPhase section */
		4880972C2D0F2B8D0021163C /* Resources */ = {
			isa = PBXResourcesBuildPhase;
			buildActionMask = 2147483647;
			files = (
			);
			runOnlyForDeploymentPostprocessing = 0;
		};
		4880973C2D0F2B8E0021163C /* Resources */ = {
			isa = PBXResourcesBuildPhase;
			buildActionMask = 2147483647;
			files = (
			);
			runOnlyForDeploymentPostprocessing = 0;
		};
		488097462D0F2B8E0021163C /* Resources */ = {
			isa = PBXResourcesBuildPhase;
			buildActionMask = 2147483647;
			files = (
			);
			runOnlyForDeploymentPostprocessing = 0;
		};
/* End PBXResourcesBuildPhase section */

/* Begin PBXSourcesBuildPhase section */
		4880972A2D0F2B8D0021163C /* Sources */ = {
			isa = PBXSourcesBuildPhase;
			buildActionMask = 2147483647;
			files = (
			);
			runOnlyForDeploymentPostprocessing = 0;
		};
		4880973A2D0F2B8E0021163C /* Sources */ = {
			isa = PBXSourcesBuildPhase;
			buildActionMask = 2147483647;
			files = (
			);
			runOnlyForDeploymentPostprocessing = 0;
		};
		488097442D0F2B8E0021163C /* Sources */ = {
			isa = PBXSourcesBuildPhase;
			buildActionMask = 2147483647;
			files = (
			);
			runOnlyForDeploymentPostprocessing = 0;
		};
/* End PBXSourcesBuildPhase section */

/* Begin PBXTargetDependency section */
		488097402D0F2B8E0021163C /* PBXTargetDependency */ = {
			isa = PBXTargetDependency;
			target = 4880972D2D0F2B8D0021163C /* Habitly */;
			targetProxy = 4880973F2D0F2B8E0021163C /* PBXContainerItemProxy */;
		};
		4880974A2D0F2B8E0021163C /* PBXTargetDependency */ = {
			isa = PBXTargetDependency;
			target = 4880972D2D0F2B8D0021163C /* Habitly */;
			targetProxy = 488097492D0F2B8E0021163C /* PBXContainerItemProxy */;
		};
/* End PBXTargetDependency section */

/* Begin XCBuildConfiguration section */
		488097502D0F2B8F0021163C /* Debug */ = {
			isa = XCBuildConfiguration;
			buildSettings = {
				ALWAYS_SEARCH_USER_PATHS = NO;
				ASSETCATALOG_COMPILER_GENERATE_SWIFT_ASSET_SYMBOL_EXTENSIONS = YES;
				CLANG_ANALYZER_NONNULL = YES;
				CLANG_ANALYZER_NUMBER_OBJECT_CONVERSION = YES_AGGRESSIVE;
				CLANG_CXX_LANGUAGE_STANDARD = "gnu++20";
				CLANG_ENABLE_MODULES = YES;
				CLANG_ENABLE_OBJC_ARC = YES;
				CLANG_ENABLE_OBJC_WEAK = YES;
				CLANG_WARN_BLOCK_CAPTURE_AUTORELEASING = YES;
				CLANG_WARN_BOOL_CONVERSION = YES;
				CLANG_WARN_COMMA = YES;
				CLANG_WARN_CONSTANT_CONVERSION = YES;
				CLANG_WARN_DEPRECATED_OBJC_IMPLEMENTATIONS = YES;
				CLANG_WARN_DIRECT_OBJC_ISA_USAGE = YES_ERROR;
				CLANG_WARN_DOCUMENTATION_COMMENTS = YES;
				CLANG_WARN_EMPTY_BODY = YES;
				CLANG_WARN_ENUM_CONVERSION = YES;
				CLANG_WARN_INFINITE_RECURSION = YES;
				CLANG_WARN_INT_CONVERSION = YES;
				CLANG_WARN_NON_LITERAL_NULL_CONVERSION = YES;
				CLANG_WARN_OBJC_IMPLICIT_RETAIN_SELF = YES;
				CLANG_WARN_OBJC_LITERAL_CONVERSION = YES;
				CLANG_WARN_OBJC_ROOT_CLASS = YES_ERROR;
				CLANG_WARN_QUOTED_INCLUDE_IN_FRAMEWORK_HEADER = YES;
				CLANG_WARN_RANGE_LOOP_ANALYSIS = YES;
				CLANG_WARN_STRICT_PROTOTYPES = YES;
				CLANG_WARN_SUSPICIOUS_MOVE = YES;
				CLANG_WARN_UNGUARDED_AVAILABILITY = YES_AGGRESSIVE;
				CLANG_WARN_UNREACHABLE_CODE = YES;
				CLANG_WARN__DUPLICATE_METHOD_MATCH = YES;
				COPY_PHASE_STRIP = NO;
				DEBUG_INFORMATION_FORMAT = dwarf;
				ENABLE_STRICT_OBJC_MSGSEND = YES;
				ENABLE_TESTABILITY = YES;
				ENABLE_USER_SCRIPT_SANDBOXING = YES;
				GCC_C_LANGUAGE_STANDARD = gnu17;
				GCC_DYNAMIC_NO_PIC = NO;
				GCC_NO_COMMON_BLOCKS = YES;
				GCC_OPTIMIZATION_LEVEL = 0;
				GCC_PREPROCESSOR_DEFINITIONS = (
					"DEBUG=1",
					"$(inherited)",
				);
				GCC_WARN_64_TO_32_BIT_CONVERSION = YES;
				GCC_WARN_ABOUT_RETURN_TYPE = YES_ERROR;
				GCC_WARN_UNDECLARED_SELECTOR = YES;
				GCC_WARN_UNINITIALIZED_AUTOS = YES_AGGRESSIVE;
				GCC_WARN_UNUSED_FUNCTION = YES;
				GCC_WARN_UNUSED_VARIABLE = YES;
				IPHONEOS_DEPLOYMENT_TARGET = 18.0;
				LOCALIZATION_PREFERS_STRING_CATALOGS = YES;
				MTL_ENABLE_DEBUG_INFO = INCLUDE_SOURCE;
				MTL_FAST_MATH = YES;
				ONLY_ACTIVE_ARCH = YES;
				SDKROOT = iphoneos;
				SWIFT_ACTIVE_COMPILATION_CONDITIONS = "DEBUG $(inherited)";
				SWIFT_OPTIMIZATION_LEVEL = "-Onone";
			};
			name = Debug;
		};
		488097512D0F2B8F0021163C /* Release */ = {
			isa = XCBuildConfiguration;
			buildSettings = {
				ALWAYS_SEARCH_USER_PATHS = NO;
				ASSETCATALOG_COMPILER_GENERATE_SWIFT_ASSET_SYMBOL_EXTENSIONS = YES;
				CLANG_ANALYZER_NONNULL = YES;
				CLANG_ANALYZER_NUMBER_OBJECT_CONVERSION = YES_AGGRESSIVE;
				CLANG_CXX_LANGUAGE_STANDARD = "gnu++20";
				CLANG_ENABLE_MODULES = YES;
				CLANG_ENABLE_OBJC_ARC = YES;
				CLANG_ENABLE_OBJC_WEAK = YES;
				CLANG_WARN_BLOCK_CAPTURE_AUTORELEASING = YES;
				CLANG_WARN_BOOL_CONVERSION = YES;
				CLANG_WARN_COMMA = YES;
				CLANG_WARN_CONSTANT_CONVERSION = YES;
				CLANG_WARN_DEPRECATED_OBJC_IMPLEMENTATIONS = YES;
				CLANG_WARN_DIRECT_OBJC_ISA_USAGE = YES_ERROR;
				CLANG_WARN_DOCUMENTATION_COMMENTS = YES;
				CLANG_WARN_EMPTY_BODY = YES;
				CLANG_WARN_ENUM_CONVERSION = YES;
				CLANG_WARN_INFINITE_RECURSION = YES;
				CLANG_WARN_INT_CONVERSION = YES;
				CLANG_WARN_NON_LITERAL_NULL_CONVERSION = YES;
				CLANG_WARN_OBJC_IMPLICIT_RETAIN_SELF = YES;
				CLANG_WARN_OBJC_LITERAL_CONVERSION = YES;
				CLANG_WARN_OBJC_ROOT_CLASS = YES_ERROR;
				CLANG_WARN_QUOTED_INCLUDE_IN_FRAMEWORK_HEADER = YES;
				CLANG_WARN_RANGE_LOOP_ANALYSIS = YES;
				CLANG_WARN_STRICT_PROTOTYPES = YES;
				CLANG_WARN_SUSPICIOUS_MOVE = YES;
				CLANG_WARN_UNGUARDED_AVAILABILITY = YES_AGGRESSIVE;
				CLANG_WARN_UNREACHABLE_CODE = YES;
				CLANG_WARN__DUPLICATE_METHOD_MATCH = YES;
				COPY_PHASE_STRIP = NO;
				DEBUG_INFORMATION_FORMAT = "dwarf-with-dsym";
				ENABLE_NS_ASSERTIONS = NO;
				ENABLE_STRICT_OBJC_MSGSEND = YES;
				ENABLE_USER_SCRIPT_SANDBOXING = YES;
				GCC_C_LANGUAGE_STANDARD = gnu17;
				GCC_NO_COMMON_BLOCKS = YES;
				GCC_WARN_64_TO_32_BIT_CONVERSION = YES;
				GCC_WARN_ABOUT_RETURN_TYPE = YES_ERROR;
				GCC_WARN_UNDECLARED_SELECTOR = YES;
				GCC_WARN_UNINITIALIZED_AUTOS = YES_AGGRESSIVE;
				GCC_WARN_UNUSED_FUNCTION = YES;
				GCC_WARN_UNUSED_VARIABLE = YES;
				IPHONEOS_DEPLOYMENT_TARGET = 18.0;
				LOCALIZATION_PREFERS_STRING_CATALOGS = YES;
				MTL_ENABLE_DEBUG_INFO = NO;
				MTL_FAST_MATH = YES;
				SDKROOT = iphoneos;
				SWIFT_COMPILATION_MODE = wholemodule;
				VALIDATE_PRODUCT = YES;
			};
			name = Release;
		};
		488097532D0F2B8F0021163C /* Debug */ = {
			isa = XCBuildConfiguration;
			buildSettings = {
				ASSETCATALOG_COMPILER_APPICON_NAME = AppIcon;
				ASSETCATALOG_COMPILER_GLOBAL_ACCENT_COLOR_NAME = AccentColor;
				CODE_SIGN_STYLE = Automatic;
				CURRENT_PROJECT_VERSION = 1;
				DEVELOPMENT_ASSET_PATHS = "\"Habitly/Preview Content\"";
				DEVELOPMENT_TEAM = H3FHDPVMRW;
				ENABLE_PREVIEWS = YES;
				GENERATE_INFOPLIST_FILE = YES;
				INFOPLIST_FILE = Habitly/Info.plist;
				INFOPLIST_KEY_CFBundleDisplayName = Habitly;
				INFOPLIST_KEY_UIApplicationSceneManifest_Generation = YES;
				INFOPLIST_KEY_UIApplicationSupportsIndirectInputEvents = YES;
				INFOPLIST_KEY_UILaunchScreen_Generation = YES;
				INFOPLIST_KEY_UISupportedInterfaceOrientations_iPad = "UIInterfaceOrientationPortrait UIInterfaceOrientationPortraitUpsideDown UIInterfaceOrientationLandscapeLeft UIInterfaceOrientationLandscapeRight";
				INFOPLIST_KEY_UISupportedInterfaceOrientations_iPhone = "UIInterfaceOrientationPortrait UIInterfaceOrientationLandscapeLeft UIInterfaceOrientationLandscapeRight";
				LD_RUNPATH_SEARCH_PATHS = (
					"$(inherited)",
					"@executable_path/Frameworks",
				);
				MARKETING_VERSION = 1.0;
				PRODUCT_BUNDLE_IDENTIFIER = com.application.habitly;
				PRODUCT_NAME = "$(TARGET_NAME)";
				SWIFT_EMIT_LOC_STRINGS = YES;
				SWIFT_VERSION = 5.0;
				TARGETED_DEVICE_FAMILY = "1,2";
			};
			name = Debug;
		};
		488097542D0F2B8F0021163C /* Release */ = {
			isa = XCBuildConfiguration;
			buildSettings = {
				ASSETCATALOG_COMPILER_APPICON_NAME = AppIcon;
				ASSETCATALOG_COMPILER_GLOBAL_ACCENT_COLOR_NAME = AccentColor;
				CODE_SIGN_STYLE = Automatic;
				CURRENT_PROJECT_VERSION = 1;
				DEVELOPMENT_ASSET_PATHS = "\"Habitly/Preview Content\"";
				DEVELOPMENT_TEAM = H3FHDPVMRW;
				ENABLE_PREVIEWS = YES;
				GENERATE_INFOPLIST_FILE = YES;
				INFOPLIST_FILE = Habitly/Info.plist;
				INFOPLIST_KEY_CFBundleDisplayName = Habitly;
				INFOPLIST_KEY_UIApplicationSceneManifest_Generation = YES;
				INFOPLIST_KEY_UIApplicationSupportsIndirectInputEvents = YES;
				INFOPLIST_KEY_UILaunchScreen_Generation = YES;
				INFOPLIST_KEY_UISupportedInterfaceOrientations_iPad = "UIInterfaceOrientationPortrait UIInterfaceOrientationPortraitUpsideDown UIInterfaceOrientationLandscapeLeft UIInterfaceOrientationLandscapeRight";
				INFOPLIST_KEY_UISupportedInterfaceOrientations_iPhone = "UIInterfaceOrientationPortrait UIInterfaceOrientationLandscapeLeft UIInterfaceOrientationLandscapeRight";
				LD_RUNPATH_SEARCH_PATHS = (
					"$(inherited)",
					"@executable_path/Frameworks",
				);
				MARKETING_VERSION = 1.0;
				PRODUCT_BUNDLE_IDENTIFIER = com.application.habitly;
				PRODUCT_NAME = "$(TARGET_NAME)";
				SWIFT_EMIT_LOC_STRINGS = YES;
				SWIFT_VERSION = 5.0;
				TARGETED_DEVICE_FAMILY = "1,2";
			};
			name = Release;
		};
		488097562D0F2B8F0021163C /* Debug */ = {
			isa = XCBuildConfiguration;
			buildSettings = {
				BUNDLE_LOADER = "$(TEST_HOST)";
				CODE_SIGN_STYLE = Automatic;
				CURRENT_PROJECT_VERSION = 1;
				GENERATE_INFOPLIST_FILE = YES;
				IPHONEOS_DEPLOYMENT_TARGET = 18.0;
				MARKETING_VERSION = 1.0;
				PRODUCT_BUNDLE_IDENTIFIER = com.application.HabitlyTests;
				PRODUCT_NAME = "$(TARGET_NAME)";
				SWIFT_EMIT_LOC_STRINGS = NO;
				SWIFT_VERSION = 5.0;
				TARGETED_DEVICE_FAMILY = "1,2";
				TEST_HOST = "$(BUILT_PRODUCTS_DIR)/Habitly.app/$(BUNDLE_EXECUTABLE_FOLDER_PATH)/Habitly";
			};
			name = Debug;
		};
		488097572D0F2B8F0021163C /* Release */ = {
			isa = XCBuildConfiguration;
			buildSettings = {
				BUNDLE_LOADER = "$(TEST_HOST)";
				CODE_SIGN_STYLE = Automatic;
				CURRENT_PROJECT_VERSION = 1;
				GENERATE_INFOPLIST_FILE = YES;
				IPHONEOS_DEPLOYMENT_TARGET = 18.0;
				MARKETING_VERSION = 1.0;
				PRODUCT_BUNDLE_IDENTIFIER = com.application.HabitlyTests;
				PRODUCT_NAME = "$(TARGET_NAME)";
				SWIFT_EMIT_LOC_STRINGS = NO;
				SWIFT_VERSION = 5.0;
				TARGETED_DEVICE_FAMILY = "1,2";
				TEST_HOST = "$(BUILT_PRODUCTS_DIR)/Habitly.app/$(BUNDLE_EXECUTABLE_FOLDER_PATH)/Habitly";
			};
			name = Release;
		};
		488097592D0F2B8F0021163C /* Debug */ = {
			isa = XCBuildConfiguration;
			buildSettings = {
				CODE_SIGN_STYLE = Automatic;
				CURRENT_PROJECT_VERSION = 1;
				GENERATE_INFOPLIST_FILE = YES;
				MARKETING_VERSION = 1.0;
				PRODUCT_BUNDLE_IDENTIFIER = com.application.HabitlyUITests;
				PRODUCT_NAME = "$(TARGET_NAME)";
				SWIFT_EMIT_LOC_STRINGS = NO;
				SWIFT_VERSION = 5.0;
				TARGETED_DEVICE_FAMILY = "1,2";
				TEST_TARGET_NAME = Habitly;
			};
			name = Debug;
		};
		4880975A2D0F2B8F0021163C /* Release */ = {
			isa = XCBuildConfiguration;
			buildSettings = {
				CODE_SIGN_STYLE = Automatic;
				CURRENT_PROJECT_VERSION = 1;
				GENERATE_INFOPLIST_FILE = YES;
				MARKETING_VERSION = 1.0;
				PRODUCT_BUNDLE_IDENTIFIER = com.application.HabitlyUITests;
				PRODUCT_NAME = "$(TARGET_NAME)";
				SWIFT_EMIT_LOC_STRINGS = NO;
				SWIFT_VERSION = 5.0;
				TARGETED_DEVICE_FAMILY = "1,2";
				TEST_TARGET_NAME = Habitly;
			};
			name = Release;
		};
/* End XCBuildConfiguration section */

/* Begin XCConfigurationList section */
		488097292D0F2B8D0021163C /* Build configuration list for PBXProject "Habitly" */ = {
			isa = XCConfigurationList;
			buildConfigurations = (
				488097502D0F2B8F0021163C /* Debug */,
				488097512D0F2B8F0021163C /* Release */,
			);
			defaultConfigurationIsVisible = 0;
			defaultConfigurationName = Release;
		};
		488097522D0F2B8F0021163C /* Build configuration list for PBXNativeTarget "Habitly" */ = {
			isa = XCConfigurationList;
			buildConfigurations = (
				488097532D0F2B8F0021163C /* Debug */,
				488097542D0F2B8F0021163C /* Release */,
			);
			defaultConfigurationIsVisible = 0;
			defaultConfigurationName = Release;
		};
		488097552D0F2B8F0021163C /* Build configuration list for PBXNativeTarget "HabitlyTests" */ = {
			isa = XCConfigurationList;
			buildConfigurations = (
				488097562D0F2B8F0021163C /* Debug */,
				488097572D0F2B8F0021163C /* Release */,
			);
			defaultConfigurationIsVisible = 0;
			defaultConfigurationName = Release;
		};
		488097582D0F2B8F0021163C /* Build configuration list for PBXNativeTarget "HabitlyUITests" */ = {
			isa = XCConfigurationList;
			buildConfigurations = (
				488097592D0F2B8F0021163C /* Debug */,
				4880975A2D0F2B8F0021163C /* Release */,
			);
			defaultConfigurationIsVisible = 0;
			defaultConfigurationName = Release;
		};
/* End XCConfigurationList section */
	};
	rootObject = 488097262D0F2B8D0021163C /* Project object */;
}
